
Microsoft Visual Studio Solution File, Format Version 12.00
# Visual Studio Version 17
VisualStudioVersion = 17.14.36212.18 d17.14
MinimumVisualStudioVersion = 10.0.40219.1
Project("{FAE04EC0-301F-11D3-BF4B-00C04F79EFBC}") = "sqlfailover", "sqlfailover\sqlfailover.csproj", "{995ADE07-1705-44EF-8058-B53205D48B21}"
EndProject
Global
	GlobalSection(SolutionConfigurationPlatforms) = preSolution
		Debug|Any CPU = Debug|Any CPU
		Release|Any CPU = Release|Any CPU
	EndGlobalSection
	GlobalSection(ProjectConfigurationPlatforms) = postSolution
		{995ADE07-1705-44EF-8058-B53205D48B21}.Debug|Any CPU.ActiveCfg = Debug|Any CPU
		{995ADE07-1705-44EF-8058-B53205D48B21}.Debug|Any CPU.Build.0 = Debug|Any CPU
		{995ADE07-1705-44EF-8058-B53205D48B21}.Release|Any CPU.ActiveCfg = Release|Any CPU
		{995ADE07-1705-44EF-8058-B53205D48B21}.Release|Any CPU.Build.0 = Release|Any CPU
	EndGlobalSection
	GlobalSection(SolutionProperties) = preSolution
		HideSolutionNode = FALSE
	EndGlobalSection
	GlobalSection(ExtensibilityGlobals) = postSolution
		SolutionGuid = {48CC241C-E1FD-43DC-AE86-4313C5A389BB}
	EndGlobalSection
EndGlobal
